// !$*UTF8*$!
{
	archiveVersion = 1;
	classes = {
	};
	objectVersion = 46;
	objects = {

/* Begin PBXBuildFile section */
		39FDCBB418D23BB500640CE8 /* Foundation.framework in Frameworks */ = {isa = PBXBuildFile; fileRef = 39FDCBB318D23BB500640CE8 /* Foundation.framework */; };
		39FDCBB618D23BB500640CE8 /* CoreGraphics.framework in Frameworks */ = {isa = PBXBuildFile; fileRef = 39FDCBB518D23BB500640CE8 /* CoreGraphics.framework */; };
		39FDCBB818D23BB500640CE8 /* UIKit.framework in Frameworks */ = {isa = PBXBuildFile; fileRef = 39FDCBB718D23BB500640CE8 /* UIKit.framework */; };
		39FDCBBA18D23BB500640CE8 /* CoreData.framework in Frameworks */ = {isa = PBXBuildFile; fileRef = 39FDCBB918D23BB500640CE8 /* CoreData.framework */; };
		39FDCBC018D23BB500640CE8 /* InfoPlist.strings in Resources */ = {isa = PBXBuildFile; fileRef = 39FDCBBE18D23BB500640CE8 /* InfoPlist.strings */; };
		39FDCBC218D23BB500640CE8 /* main.m in Sources */ = {isa = PBXBuildFile; fileRef = 39FDCBC118D23BB500640CE8 /* main.m */; };
		39FDCBC618D23BB500640CE8 /* AppDelegate.m in Sources */ = {isa = PBXBuildFile; fileRef = 39FDCBC518D23BB500640CE8 /* AppDelegate.m */; };
		39FDCBC918D23BB500640CE8 /* Main.storyboard in Resources */ = {isa = PBXBuildFile; fileRef = 39FDCBC718D23BB500640CE8 /* Main.storyboard */; };
		39FDCBCC18D23BB500640CE8 /* chordz.xcdatamodeld in Sources */ = {isa = PBXBuildFile; fileRef = 39FDCBCA18D23BB500640CE8 /* chordz.xcdatamodeld */; };
		39FDCBCF18D23BB600640CE8 /* MasterViewController.m in Sources */ = {isa = PBXBuildFile; fileRef = 39FDCBCE18D23BB600640CE8 /* MasterViewController.m */; };
		39FDCBD218D23BB600640CE8 /* DetailViewController.m in Sources */ = {isa = PBXBuildFile; fileRef = 39FDCBD118D23BB600640CE8 /* DetailViewController.m */; };
		39FDCBD418D23BB600640CE8 /* Images.xcassets in Resources */ = {isa = PBXBuildFile; fileRef = 39FDCBD318D23BB600640CE8 /* Images.xcassets */; };
		39FDCBDB18D23BB600640CE8 /* XCTest.framework in Frameworks */ = {isa = PBXBuildFile; fileRef = 39FDCBDA18D23BB600640CE8 /* XCTest.framework */; };
		39FDCBDC18D23BB600640CE8 /* Foundation.framework in Frameworks */ = {isa = PBXBuildFile; fileRef = 39FDCBB318D23BB500640CE8 /* Foundation.framework */; };
		39FDCBDD18D23BB600640CE8 /* UIKit.framework in Frameworks */ = {isa = PBXBuildFile; fileRef = 39FDCBB718D23BB500640CE8 /* UIKit.framework */; };
		39FDCBDE18D23BB600640CE8 /* CoreData.framework in Frameworks */ = {isa = PBXBuildFile; fileRef = 39FDCBB918D23BB500640CE8 /* CoreData.framework */; };
		39FDCBE618D23BB600640CE8 /* InfoPlist.strings in Resources */ = {isa = PBXBuildFile; fileRef = 39FDCBE418D23BB600640CE8 /* InfoPlist.strings */; };
		39FDCBE818D23BB600640CE8 /* chordzTests.m in Sources */ = {isa = PBXBuildFile; fileRef = 39FDCBE718D23BB600640CE8 /* chordzTests.m */; };
/* End PBXBuildFile section */

/* Begin PBXContainerItemProxy section */
		39FDCBDF18D23BB600640CE8 /* PBXContainerItemProxy */ = {
			isa = PBXContainerItemProxy;
			containerPortal = 39FDCBA818D23BB500640CE8 /* Project object */;
			proxyType = 1;
			remoteGlobalIDString = 39FDCBAF18D23BB500640CE8;
			remoteInfo = chordz;
		};
/* End PBXContainerItemProxy section */

/* Begin PBXFileReference section */
		39FDCBB018D23BB500640CE8 /* chordz.app */ = {isa = PBXFileReference; explicitFileType = wrapper.application; includeInIndex = 0; path = chordz.app; sourceTree = BUILT_PRODUCTS_DIR; };
		39FDCBB318D23BB500640CE8 /* Foundation.framework */ = {isa = PBXFileReference; lastKnownFileType = wrapper.framework; name = Foundation.framework; path = System/Library/Frameworks/Foundation.framework; sourceTree = SDKROOT; };
		39FDCBB518D23BB500640CE8 /* CoreGraphics.framework */ = {isa = PBXFileReference; lastKnownFileType = wrapper.framework; name = CoreGraphics.framework; path = System/Library/Frameworks/CoreGraphics.framework; sourceTree = SDKROOT; };
		39FDCBB718D23BB500640CE8 /* UIKit.framework */ = {isa = PBXFileReference; lastKnownFileType = wrapper.framework; name = UIKit.framework; path = System/Library/Frameworks/UIKit.framework; sourceTree = SDKROOT; };
		39FDCBB918D23BB500640CE8 /* CoreData.framework */ = {isa = PBXFileReference; lastKnownFileType = wrapper.framework; name = CoreData.framework; path = System/Library/Frameworks/CoreData.framework; sourceTree = SDKROOT; };
		39FDCBBD18D23BB500640CE8 /* chordz-Info.plist */ = {isa = PBXFileReference; lastKnownFileType = text.plist.xml; path = "chordz-Info.plist"; sourceTree = "<group>"; };
		39FDCBBF18D23BB500640CE8 /* en */ = {isa = PBXFileReference; lastKnownFileType = text.plist.strings; name = en; path = en.lproj/InfoPlist.strings; sourceTree = "<group>"; };
		39FDCBC118D23BB500640CE8 /* main.m */ = {isa = PBXFileReference; lastKnownFileType = sourcecode.c.objc; path = main.m; sourceTree = "<group>"; };
		39FDCBC318D23BB500640CE8 /* chordz-Prefix.pch */ = {isa = PBXFileReference; lastKnownFileType = sourcecode.c.h; path = "chordz-Prefix.pch"; sourceTree = "<group>"; };
		39FDCBC418D23BB500640CE8 /* AppDelegate.h */ = {isa = PBXFileReference; lastKnownFileType = sourcecode.c.h; path = AppDelegate.h; sourceTree = "<group>"; };
		39FDCBC518D23BB500640CE8 /* AppDelegate.m */ = {isa = PBXFileReference; lastKnownFileType = sourcecode.c.objc; path = AppDelegate.m; sourceTree = "<group>"; };
		39FDCBC818D23BB500640CE8 /* Base */ = {isa = PBXFileReference; lastKnownFileType = file.storyboard; name = Base; path = Base.lproj/Main.storyboard; sourceTree = "<group>"; };
		39FDCBCB18D23BB500640CE8 /* chordz.xcdatamodel */ = {isa = PBXFileReference; lastKnownFileType = wrapper.xcdatamodel; path = chordz.xcdatamodel; sourceTree = "<group>"; };
		39FDCBCD18D23BB500640CE8 /* MasterViewController.h */ = {isa = PBXFileReference; lastKnownFileType = sourcecode.c.h; path = MasterViewController.h; sourceTree = "<group>"; };
		39FDCBCE18D23BB600640CE8 /* MasterViewController.m */ = {isa = PBXFileReference; lastKnownFileType = sourcecode.c.objc; path = MasterViewController.m; sourceTree = "<group>"; };
		39FDCBD018D23BB600640CE8 /* DetailViewController.h */ = {isa = PBXFileReference; lastKnownFileType = sourcecode.c.h; path = DetailViewController.h; sourceTree = "<group>"; };
		39FDCBD118D23BB600640CE8 /* DetailViewController.m */ = {isa = PBXFileReference; lastKnownFileType = sourcecode.c.objc; path = DetailViewController.m; sourceTree = "<group>"; };
		39FDCBD318D23BB600640CE8 /* Images.xcassets */ = {isa = PBXFileReference; lastKnownFileType = folder.assetcatalog; path = Images.xcassets; sourceTree = "<group>"; };
		39FDCBD918D23BB600640CE8 /* chordzTests.xctest */ = {isa = PBXFileReference; explicitFileType = wrapper.cfbundle; includeInIndex = 0; path = chordzTests.xctest; sourceTree = BUILT_PRODUCTS_DIR; };
		39FDCBDA18D23BB600640CE8 /* XCTest.framework */ = {isa = PBXFileReference; lastKnownFileType = wrapper.framework; name = XCTest.framework; path = Library/Frameworks/XCTest.framework; sourceTree = DEVELOPER_DIR; };
		39FDCBE318D23BB600640CE8 /* chordzTests-Info.plist */ = {isa = PBXFileReference; lastKnownFileType = text.plist.xml; path = "chordzTests-Info.plist"; sourceTree = "<group>"; };
		39FDCBE518D23BB600640CE8 /* en */ = {isa = PBXFileReference; lastKnownFileType = text.plist.strings; name = en; path = en.lproj/InfoPlist.strings; sourceTree = "<group>"; };
		39FDCBE718D23BB600640CE8 /* chordzTests.m */ = {isa = PBXFileReference; lastKnownFileType = sourcecode.c.objc; path = chordzTests.m; sourceTree = "<group>"; };
/* End PBXFileReference section */

/* Begin PBXFrameworksBuildPhase section */
		39FDCBAD18D23BB500640CE8 /* Frameworks */ = {
			isa = PBXFrameworksBuildPhase;
			buildActionMask = 2147483647;
			files = (
				39FDCBB618D23BB500640CE8 /* CoreGraphics.framework in Frameworks */,
				39FDCBBA18D23BB500640CE8 /* CoreData.framework in Frameworks */,
				39FDCBB818D23BB500640CE8 /* UIKit.framework in Frameworks */,
				39FDCBB418D23BB500640CE8 /* Foundation.framework in Frameworks */,
			);
			runOnlyForDeploymentPostprocessing = 0;
		};
		39FDCBD618D23BB600640CE8 /* Frameworks */ = {
			isa = PBXFrameworksBuildPhase;
			buildActionMask = 2147483647;
			files = (
				39FDCBDB18D23BB600640CE8 /* XCTest.framework in Frameworks */,
				39FDCBDE18D23BB600640CE8 /* CoreData.framework in Frameworks */,
				39FDCBDD18D23BB600640CE8 /* UIKit.framework in Frameworks */,
				39FDCBDC18D23BB600640CE8 /* Foundation.framework in Frameworks */,
			);
			runOnlyForDeploymentPostprocessing = 0;
		};
/* End PBXFrameworksBuildPhase section */

/* Begin PBXGroup section */
		39FDCBA718D23BB500640CE8 = {
			isa = PBXGroup;
			children = (
				39FDCBBB18D23BB500640CE8 /* chordz */,
				39FDCBE118D23BB600640CE8 /* chordzTests */,
				39FDCBB218D23BB500640CE8 /* Frameworks */,
				39FDCBB118D23BB500640CE8 /* Products */,
			);
			sourceTree = "<group>";
		};
		39FDCBB118D23BB500640CE8 /* Products */ = {
			isa = PBXGroup;
			children = (
				39FDCBB018D23BB500640CE8 /* chordz.app */,
				39FDCBD918D23BB600640CE8 /* chordzTests.xctest */,
			);
			name = Products;
			sourceTree = "<group>";
		};
		39FDCBB218D23BB500640CE8 /* Frameworks */ = {
			isa = PBXGroup;
			children = (
				39FDCBB318D23BB500640CE8 /* Foundation.framework */,
				39FDCBB518D23BB500640CE8 /* CoreGraphics.framework */,
				39FDCBB718D23BB500640CE8 /* UIKit.framework */,
				39FDCBB918D23BB500640CE8 /* CoreData.framework */,
				39FDCBDA18D23BB600640CE8 /* XCTest.framework */,
			);
			name = Frameworks;
			sourceTree = "<group>";
		};
		39FDCBBB18D23BB500640CE8 /* chordz */ = {
			isa = PBXGroup;
			children = (
				39FDCBC418D23BB500640CE8 /* AppDelegate.h */,
				39FDCBC518D23BB500640CE8 /* AppDelegate.m */,
				39FDCBC718D23BB500640CE8 /* Main.storyboard */,
				39FDCBCD18D23BB500640CE8 /* MasterViewController.h */,
				39FDCBCE18D23BB600640CE8 /* MasterViewController.m */,
				39FDCBD018D23BB600640CE8 /* DetailViewController.h */,
				39FDCBD118D23BB600640CE8 /* DetailViewController.m */,
				39FDCBD318D23BB600640CE8 /* Images.xcassets */,
				39FDCBCA18D23BB500640CE8 /* chordz.xcdatamodeld */,
				39FDCBBC18D23BB500640CE8 /* Supporting Files */,
			);
			path = chordz;
			sourceTree = "<group>";
		};
		39FDCBBC18D23BB500640CE8 /* Supporting Files */ = {
			isa = PBXGroup;
			children = (
				39FDCBBD18D23BB500640CE8 /* chordz-Info.plist */,
				39FDCBBE18D23BB500640CE8 /* InfoPlist.strings */,
				39FDCBC118D23BB500640CE8 /* main.m */,
				39FDCBC318D23BB500640CE8 /* chordz-Prefix.pch */,
			);
			name = "Supporting Files";
			sourceTree = "<group>";
		};
		39FDCBE118D23BB600640CE8 /* chordzTests */ = {
			isa = PBXGroup;
			children = (
				39FDCBE718D23BB600640CE8 /* chordzTests.m */,
				39FDCBE218D23BB600640CE8 /* Supporting Files */,
			);
			path = chordzTests;
			sourceTree = "<group>";
		};
		39FDCBE218D23BB600640CE8 /* Supporting Files */ = {
			isa = PBXGroup;
			children = (
				39FDCBE318D23BB600640CE8 /* chordzTests-Info.plist */,
				39FDCBE418D23BB600640CE8 /* InfoPlist.strings */,
			);
			name = "Supporting Files";
			sourceTree = "<group>";
		};
/* End PBXGroup section */

/* Begin PBXNativeTarget section */
		39FDCBAF18D23BB500640CE8 /* chordz */ = {
			isa = PBXNativeTarget;
			buildConfigurationList = 39FDCBEB18D23BB600640CE8 /* Build configuration list for PBXNativeTarget "chordz" */;
			buildPhases = (
				39FDCBAC18D23BB500640CE8 /* Sources */,
				39FDCBAD18D23BB500640CE8 /* Frameworks */,
				39FDCBAE18D23BB500640CE8 /* Resources */,
			);
			buildRules = (
			);
			dependencies = (
			);
			name = chordz;
			productName = chordz;
			productReference = 39FDCBB018D23BB500640CE8 /* chordz.app */;
			productType = "com.apple.product-type.application";
		};
		39FDCBD818D23BB600640CE8 /* chordzTests */ = {
			isa = PBXNativeTarget;
			buildConfigurationList = 39FDCBEE18D23BB600640CE8 /* Build configuration list for PBXNativeTarget "chordzTests" */;
			buildPhases = (
				39FDCBD518D23BB600640CE8 /* Sources */,
				39FDCBD618D23BB600640CE8 /* Frameworks */,
				39FDCBD718D23BB600640CE8 /* Resources */,
			);
			buildRules = (
			);
			dependencies = (
				39FDCBE018D23BB600640CE8 /* PBXTargetDependency */,
			);
			name = chordzTests;
			productName = chordzTests;
			productReference = 39FDCBD918D23BB600640CE8 /* chordzTests.xctest */;
			productType = "com.apple.product-type.bundle.unit-test";
		};
/* End PBXNativeTarget section */

/* Begin PBXProject section */
		39FDCBA818D23BB500640CE8 /* Project object */ = {
			isa = PBXProject;
			attributes = {
				LastUpgradeCheck = 0510;
				TargetAttributes = {
					39FDCBD818D23BB600640CE8 = {
						TestTargetID = 39FDCBAF18D23BB500640CE8;
					};
				};
			};
			buildConfigurationList = 39FDCBAB18D23BB500640CE8 /* Build configuration list for PBXProject "chordz" */;
			compatibilityVersion = "Xcode 3.2";
			developmentRegion = English;
			hasScannedForEncodings = 0;
			knownRegions = (
				en,
				Base,
			);
			mainGroup = 39FDCBA718D23BB500640CE8;
			productRefGroup = 39FDCBB118D23BB500640CE8 /* Products */;
			projectDirPath = "";
			projectRoot = "";
			targets = (
				39FDCBAF18D23BB500640CE8 /* chordz */,
				39FDCBD818D23BB600640CE8 /* chordzTests */,
			);
		};
/* End PBXProject section */

/* Begin PBXResourcesBuildPhase section */
		39FDCBAE18D23BB500640CE8 /* Resources */ = {
			isa = PBXResourcesBuildPhase;
			buildActionMask = 2147483647;
			files = (
				39FDCBD418D23BB600640CE8 /* Images.xcassets in Resources */,
				39FDCBC018D23BB500640CE8 /* InfoPlist.strings in Resources */,
				39FDCBC918D23BB500640CE8 /* Main.storyboard in Resources */,
			);
			runOnlyForDeploymentPostprocessing = 0;
		};
		39FDCBD718D23BB600640CE8 /* Resources */ = {
			isa = PBXResourcesBuildPhase;
			buildActionMask = 2147483647;
			files = (
				39FDCBE618D23BB600640CE8 /* InfoPlist.strings in Resources */,
			);
			runOnlyForDeploymentPostprocessing = 0;
		};
/* End PBXResourcesBuildPhase section */

/* Begin PBXSourcesBuildPhase section */
		39FDCBAC18D23BB500640CE8 /* Sources */ = {
			isa = PBXSourcesBuildPhase;
			buildActionMask = 2147483647;
			files = (
				39FDCBD218D23BB600640CE8 /* DetailViewController.m in Sources */,
				39FDCBCF18D23BB600640CE8 /* MasterViewController.m in Sources */,
				39FDCBC618D23BB500640CE8 /* AppDelegate.m in Sources */,
				39FDCBC218D23BB500640CE8 /* main.m in Sources */,
				39FDCBCC18D23BB500640CE8 /* chordz.xcdatamodeld in Sources */,
			);
			runOnlyForDeploymentPostprocessing = 0;
		};
		39FDCBD518D23BB600640CE8 /* Sources */ = {
			isa = PBXSourcesBuildPhase;
			buildActionMask = 2147483647;
			files = (
				39FDCBE818D23BB600640CE8 /* chordzTests.m in Sources */,
			);
			runOnlyForDeploymentPostprocessing = 0;
		};
/* End PBXSourcesBuildPhase section */

/* Begin PBXTargetDependency section */
		39FDCBE018D23BB600640CE8 /* PBXTargetDependency */ = {
			isa = PBXTargetDependency;
			target = 39FDCBAF18D23BB500640CE8 /* chordz */;
			targetProxy = 39FDCBDF18D23BB600640CE8 /* PBXContainerItemProxy */;
		};
/* End PBXTargetDependency section */

/* Begin PBXVariantGroup section */
		39FDCBBE18D23BB500640CE8 /* InfoPlist.strings */ = {
			isa = PBXVariantGroup;
			children = (
				39FDCBBF18D23BB500640CE8 /* en */,
			);
			name = InfoPlist.strings;
			sourceTree = "<group>";
		};
		39FDCBC718D23BB500640CE8 /* Main.storyboard */ = {
			isa = PBXVariantGroup;
			children = (
				39FDCBC818D23BB500640CE8 /* Base */,
			);
			name = Main.storyboard;
			sourceTree = "<group>";
		};
		39FDCBE418D23BB600640CE8 /* InfoPlist.strings */ = {
			isa = PBXVariantGroup;
			children = (
				39FDCBE518D23BB600640CE8 /* en */,
			);
			name = InfoPlist.strings;
			sourceTree = "<group>";
		};
/* End PBXVariantGroup section */

/* Begin XCBuildConfiguration section */
		39FDCBE918D23BB600640CE8 /* Debug */ = {
			isa = XCBuildConfiguration;
			buildSettings = {
				ALWAYS_SEARCH_USER_PATHS = NO;
				CLANG_CXX_LANGUAGE_STANDARD = "gnu++0x";
				CLANG_CXX_LIBRARY = "libc++";
				CLANG_ENABLE_MODULES = YES;
				CLANG_ENABLE_OBJC_ARC = YES;
				CLANG_WARN_BOOL_CONVERSION = YES;
				CLANG_WARN_CONSTANT_CONVERSION = YES;
				CLANG_WARN_DIRECT_OBJC_ISA_USAGE = YES_ERROR;
				CLANG_WARN_EMPTY_BODY = YES;
				CLANG_WARN_ENUM_CONVERSION = YES;
				CLANG_WARN_INT_CONVERSION = YES;
				CLANG_WARN_OBJC_ROOT_CLASS = YES_ERROR;
				CLANG_WARN__DUPLICATE_METHOD_MATCH = YES;
				"CODE_SIGN_IDENTITY[sdk=iphoneos*]" = "iPhone Developer";
				COPY_PHASE_STRIP = NO;
				GCC_C_LANGUAGE_STANDARD = gnu99;
				GCC_DYNAMIC_NO_PIC = NO;
				GCC_OPTIMIZATION_LEVEL = 0;
				GCC_PREPROCESSOR_DEFINITIONS = (
					"DEBUG=1",
					"$(inherited)",
				);
				GCC_SYMBOLS_PRIVATE_EXTERN = NO;
				GCC_WARN_64_TO_32_BIT_CONVERSION = YES;
				GCC_WARN_ABOUT_RETURN_TYPE = YES_ERROR;
				GCC_WARN_UNDECLARED_SELECTOR = YES;
				GCC_WARN_UNINITIALIZED_AUTOS = YES_AGGRESSIVE;
				GCC_WARN_UNUSED_FUNCTION = YES;
				GCC_WARN_UNUSED_VARIABLE = YES;
				IPHONEOS_DEPLOYMENT_TARGET = 7.1;
				ONLY_ACTIVE_ARCH = YES;
				SDKROOT = iphoneos;
			};
			name = Debug;
		};
		39FDCBEA18D23BB600640CE8 /* Release */ = {
			isa = XCBuildConfiguration;
			buildSettings = {
				ALWAYS_SEARCH_USER_PATHS = NO;
				CLANG_CXX_LANGUAGE_STANDARD = "gnu++0x";
				CLANG_CXX_LIBRARY = "libc++";
				CLANG_ENABLE_MODULES = YES;
				CLANG_ENABLE_OBJC_ARC = YES;
				CLANG_WARN_BOOL_CONVERSION = YES;
				CLANG_WARN_CONSTANT_CONVERSION = YES;
				CLANG_WARN_DIRECT_OBJC_ISA_USAGE = YES_ERROR;
				CLANG_WARN_EMPTY_BODY = YES;
				CLANG_WARN_ENUM_CONVERSION = YES;
				CLANG_WARN_INT_CONVERSION = YES;
				CLANG_WARN_OBJC_ROOT_CLASS = YES_ERROR;
				CLANG_WARN__DUPLICATE_METHOD_MATCH = YES;
				"CODE_SIGN_IDENTITY[sdk=iphoneos*]" = "iPhone Developer";
				COPY_PHASE_STRIP = YES;
				ENABLE_NS_ASSERTIONS = NO;
				GCC_C_LANGUAGE_STANDARD = gnu99;
				GCC_WARN_64_TO_32_BIT_CONVERSION = YES;
				GCC_WARN_ABOUT_RETURN_TYPE = YES_ERROR;
				GCC_WARN_UNDECLARED_SELECTOR = YES;
				GCC_WARN_UNINITIALIZED_AUTOS = YES_AGGRESSIVE;
				GCC_WARN_UNUSED_FUNCTION = YES;
				GCC_WARN_UNUSED_VARIABLE = YES;
				IPHONEOS_DEPLOYMENT_TARGET = 7.1;
				SDKROOT = iphoneos;
				VALIDATE_PRODUCT = YES;
			};
			name = Release;
		};
		39FDCBEC18D23BB600640CE8 /* Debug */ = {
			isa = XCBuildConfiguration;
			buildSettings = {
				ASSETCATALOG_COMPILER_APPICON_NAME = AppIcon;
				ASSETCATALOG_COMPILER_LAUNCHIMAGE_NAME = LaunchImage;
				GCC_PRECOMPILE_PREFIX_HEADER = YES;
				GCC_PREFIX_HEADER = "chordz/chordz-Prefix.pch";
				INFOPLIST_FILE = "chordz/chordz-Info.plist";
				PRODUCT_NAME = "$(TARGET_NAME)";
				WRAPPER_EXTENSION = app;
			};
			name = Debug;
		};
		39FDCBED18D23BB600640CE8 /* Release */ = {
			isa = XCBuildConfiguration;
			buildSettings = {
				ASSETCATALOG_COMPILER_APPICON_NAME = AppIcon;
				ASSETCATALOG_COMPILER_LAUNCHIMAGE_NAME = LaunchImage;
				GCC_PRECOMPILE_PREFIX_HEADER = YES;
				GCC_PREFIX_HEADER = "chordz/chordz-Prefix.pch";
				INFOPLIST_FILE = "chordz/chordz-Info.plist";
				PRODUCT_NAME = "$(TARGET_NAME)";
				WRAPPER_EXTENSION = app;
			};
			name = Release;
		};
		39FDCBEF18D23BB600640CE8 /* Debug */ = {
			isa = XCBuildConfiguration;
			buildSettings = {
				BUNDLE_LOADER = "$(BUILT_PRODUCTS_DIR)/chordz.app/chordz";
				FRAMEWORK_SEARCH_PATHS = (
					"$(SDKROOT)/Developer/Library/Frameworks",
					"$(inherited)",
					"$(DEVELOPER_FRAMEWORKS_DIR)",
				);
				GCC_PRECOMPILE_PREFIX_HEADER = YES;
				GCC_PREFIX_HEADER = "chordz/chordz-Prefix.pch";
				GCC_PREPROCESSOR_DEFINITIONS = (
					"DEBUG=1",
					"$(inherited)",
				);
				INFOPLIST_FILE = "chordzTests/chordzTests-Info.plist";
				PRODUCT_NAME = "$(TARGET_NAME)";
				TEST_HOST = "$(BUNDLE_LOADER)";
				WRAPPER_EXTENSION = xctest;
			};
			name = Debug;
		};
		39FDCBF018D23BB600640CE8 /* Release */ = {
			isa = XCBuildConfiguration;
			buildSettings = {
				BUNDLE_LOADER = "$(BUILT_PRODUCTS_DIR)/chordz.app/chordz";
				FRAMEWORK_SEARCH_PATHS = (
					"$(SDKROOT)/Developer/Library/Frameworks",
					"$(inherited)",
					"$(DEVELOPER_FRAMEWORKS_DIR)",
				);
				GCC_PRECOMPILE_PREFIX_HEADER = YES;
				GCC_PREFIX_HEADER = "chordz/chordz-Prefix.pch";
				INFOPLIST_FILE = "chordzTests/chordzTests-Info.plist";
				PRODUCT_NAME = "$(TARGET_NAME)";
				TEST_HOST = "$(BUNDLE_LOADER)";
				WRAPPER_EXTENSION = xctest;
			};
			name = Release;
		};
/* End XCBuildConfiguration section */

/* Begin XCConfigurationList section */
		39FDCBAB18D23BB500640CE8 /* Build configuration list for PBXProject "chordz" */ = {
			isa = XCConfigurationList;
			buildConfigurations = (
				39FDCBE918D23BB600640CE8 /* Debug */,
				39FDCBEA18D23BB600640CE8 /* Release */,
			);
			defaultConfigurationIsVisible = 0;
			defaultConfigurationName = Release;
		};
		39FDCBEB18D23BB600640CE8 /* Build configuration list for PBXNativeTarget "chordz" */ = {
			isa = XCConfigurationList;
			buildConfigurations = (
				39FDCBEC18D23BB600640CE8 /* Debug */,
				39FDCBED18D23BB600640CE8 /* Release */,
			);
			defaultConfigurationIsVisible = 0;
		};
		39FDCBEE18D23BB600640CE8 /* Build configuration list for PBXNativeTarget "chordzTests" */ = {
			isa = XCConfigurationList;
			buildConfigurations = (
				39FDCBEF18D23BB600640CE8 /* Debug */,
				39FDCBF018D23BB600640CE8 /* Release */,
			);
			defaultConfigurationIsVisible = 0;
		};
/* End XCConfigurationList section */

/* Begin XCVersionGroup section */
		39FDCBCA18D23BB500640CE8 /* chordz.xcdatamodeld */ = {
			isa = XCVersionGroup;
			children = (
				39FDCBCB18D23BB500640CE8 /* chordz.xcdatamodel */,
			);
			currentVersion = 39FDCBCB18D23BB500640CE8 /* chordz.xcdatamodel */;
			path = chordz.xcdatamodeld;
			sourceTree = "<group>";
			versionGroupType = wrapper.xcdatamodel;
		};
/* End XCVersionGroup section */
	};
	rootObject = 39FDCBA818D23BB500640CE8 /* Project object */;
}
