// !$*UTF8*$!
{
	archiveVersion = 1;
	classes = {
	};
	objectVersion = 46;
	objects = {

/* Begin PBXBuildFile section */
		395750F318873D0A0004431B /* Foundation.framework in Frameworks */ = {isa = PBXBuildFile; fileRef = 395750F218873D0A0004431B /* Foundation.framework */; };
		395750F518873D0A0004431B /* CoreGraphics.framework in Frameworks */ = {isa = PBXBuildFile; fileRef = 395750F418873D0A0004431B /* CoreGraphics.framework */; };
		395750F718873D0B0004431B /* UIKit.framework in Frameworks */ = {isa = PBXBuildFile; fileRef = 395750F618873D0B0004431B /* UIKit.framework */; };
		395750FD18873D0B0004431B /* InfoPlist.strings in Resources */ = {isa = PBXBuildFile; fileRef = 395750FB18873D0B0004431B /* InfoPlist.strings */; };
		395750FF18873D0B0004431B /* main.m in Sources */ = {isa = PBXBuildFile; fileRef = 395750FE18873D0B0004431B /* main.m */; };
		3957510318873D0B0004431B /* lab2AppDelegate.m in Sources */ = {isa = PBXBuildFile; fileRef = 3957510218873D0B0004431B /* lab2AppDelegate.m */; };
		3957510618873D0B0004431B /* Main.storyboard in Resources */ = {isa = PBXBuildFile; fileRef = 3957510418873D0B0004431B /* Main.storyboard */; };
		3957510918873D0B0004431B /* lab2ViewController.m in Sources */ = {isa = PBXBuildFile; fileRef = 3957510818873D0B0004431B /* lab2ViewController.m */; };
		3957510B18873D0B0004431B /* Images.xcassets in Resources */ = {isa = PBXBuildFile; fileRef = 3957510A18873D0B0004431B /* Images.xcassets */; };
		3957511218873D0B0004431B /* XCTest.framework in Frameworks */ = {isa = PBXBuildFile; fileRef = 3957511118873D0B0004431B /* XCTest.framework */; };
		3957511318873D0B0004431B /* Foundation.framework in Frameworks */ = {isa = PBXBuildFile; fileRef = 395750F218873D0A0004431B /* Foundation.framework */; };
		3957511418873D0B0004431B /* UIKit.framework in Frameworks */ = {isa = PBXBuildFile; fileRef = 395750F618873D0B0004431B /* UIKit.framework */; };
		3957511C18873D0B0004431B /* InfoPlist.strings in Resources */ = {isa = PBXBuildFile; fileRef = 3957511A18873D0B0004431B /* InfoPlist.strings */; };
		3957511E18873D0B0004431B /* L2__CounterTests.m in Sources */ = {isa = PBXBuildFile; fileRef = 3957511D18873D0B0004431B /* L2__CounterTests.m */; };
/* End PBXBuildFile section */

/* Begin PBXContainerItemProxy section */
		3957511518873D0B0004431B /* PBXContainerItemProxy */ = {
			isa = PBXContainerItemProxy;
			containerPortal = 395750E718873D0A0004431B /* Project object */;
			proxyType = 1;
			remoteGlobalIDString = 395750EE18873D0A0004431B;
			remoteInfo = "L2: Counter";
		};
/* End PBXContainerItemProxy section */

/* Begin PBXFileReference section */
		395750EF18873D0A0004431B /* L2: Counter.app */ = {isa = PBXFileReference; explicitFileType = wrapper.application; includeInIndex = 0; path = "L2: Counter.app"; sourceTree = BUILT_PRODUCTS_DIR; };
		395750F218873D0A0004431B /* Foundation.framework */ = {isa = PBXFileReference; lastKnownFileType = wrapper.framework; name = Foundation.framework; path = System/Library/Frameworks/Foundation.framework; sourceTree = SDKROOT; };
		395750F418873D0A0004431B /* CoreGraphics.framework */ = {isa = PBXFileReference; lastKnownFileType = wrapper.framework; name = CoreGraphics.framework; path = System/Library/Frameworks/CoreGraphics.framework; sourceTree = SDKROOT; };
		395750F618873D0B0004431B /* UIKit.framework */ = {isa = PBXFileReference; lastKnownFileType = wrapper.framework; name = UIKit.framework; path = System/Library/Frameworks/UIKit.framework; sourceTree = SDKROOT; };
		395750FA18873D0B0004431B /* L2: Counter-Info.plist */ = {isa = PBXFileReference; lastKnownFileType = text.plist.xml; path = "L2: Counter-Info.plist"; sourceTree = "<group>"; };
		395750FC18873D0B0004431B /* en */ = {isa = PBXFileReference; lastKnownFileType = text.plist.strings; name = en; path = en.lproj/InfoPlist.strings; sourceTree = "<group>"; };
		395750FE18873D0B0004431B /* main.m */ = {isa = PBXFileReference; lastKnownFileType = sourcecode.c.objc; path = main.m; sourceTree = "<group>"; };
		3957510018873D0B0004431B /* L2: Counter-Prefix.pch */ = {isa = PBXFileReference; lastKnownFileType = sourcecode.c.h; path = "L2: Counter-Prefix.pch"; sourceTree = "<group>"; };
		3957510118873D0B0004431B /* lab2AppDelegate.h */ = {isa = PBXFileReference; lastKnownFileType = sourcecode.c.h; path = lab2AppDelegate.h; sourceTree = "<group>"; };
		3957510218873D0B0004431B /* lab2AppDelegate.m */ = {isa = PBXFileReference; lastKnownFileType = sourcecode.c.objc; path = lab2AppDelegate.m; sourceTree = "<group>"; };
		3957510518873D0B0004431B /* Base */ = {isa = PBXFileReference; lastKnownFileType = file.storyboard; name = Base; path = Base.lproj/Main.storyboard; sourceTree = "<group>"; };
		3957510718873D0B0004431B /* lab2ViewController.h */ = {isa = PBXFileReference; lastKnownFileType = sourcecode.c.h; path = lab2ViewController.h; sourceTree = "<group>"; };
		3957510818873D0B0004431B /* lab2ViewController.m */ = {isa = PBXFileReference; lastKnownFileType = sourcecode.c.objc; path = lab2ViewController.m; sourceTree = "<group>"; };
		3957510A18873D0B0004431B /* Images.xcassets */ = {isa = PBXFileReference; lastKnownFileType = folder.assetcatalog; path = Images.xcassets; sourceTree = "<group>"; };
		3957511018873D0B0004431B /* L2: CounterTests.xctest */ = {isa = PBXFileReference; explicitFileType = wrapper.cfbundle; includeInIndex = 0; path = "L2: CounterTests.xctest"; sourceTree = BUILT_PRODUCTS_DIR; };
		3957511118873D0B0004431B /* XCTest.framework */ = {isa = PBXFileReference; lastKnownFileType = wrapper.framework; name = XCTest.framework; path = Library/Frameworks/XCTest.framework; sourceTree = DEVELOPER_DIR; };
		3957511918873D0B0004431B /* L2: CounterTests-Info.plist */ = {isa = PBXFileReference; lastKnownFileType = text.plist.xml; path = "L2: CounterTests-Info.plist"; sourceTree = "<group>"; };
		3957511B18873D0B0004431B /* en */ = {isa = PBXFileReference; lastKnownFileType = text.plist.strings; name = en; path = en.lproj/InfoPlist.strings; sourceTree = "<group>"; };
		3957511D18873D0B0004431B /* L2__CounterTests.m */ = {isa = PBXFileReference; lastKnownFileType = sourcecode.c.objc; path = L2__CounterTests.m; sourceTree = "<group>"; };
/* End PBXFileReference section */

/* Begin PBXFrameworksBuildPhase section */
		395750EC18873D0A0004431B /* Frameworks */ = {
			isa = PBXFrameworksBuildPhase;
			buildActionMask = 2147483647;
			files = (
				395750F518873D0A0004431B /* CoreGraphics.framework in Frameworks */,
				395750F718873D0B0004431B /* UIKit.framework in Frameworks */,
				395750F318873D0A0004431B /* Foundation.framework in Frameworks */,
			);
			runOnlyForDeploymentPostprocessing = 0;
		};
		3957510D18873D0B0004431B /* Frameworks */ = {
			isa = PBXFrameworksBuildPhase;
			buildActionMask = 2147483647;
			files = (
				3957511218873D0B0004431B /* XCTest.framework in Frameworks */,
				3957511418873D0B0004431B /* UIKit.framework in Frameworks */,
				3957511318873D0B0004431B /* Foundation.framework in Frameworks */,
			);
			runOnlyForDeploymentPostprocessing = 0;
		};
/* End PBXFrameworksBuildPhase section */

/* Begin PBXGroup section */
		395750E618873D0A0004431B = {
			isa = PBXGroup;
			children = (
				395750F818873D0B0004431B /* L2: Counter */,
				3957511718873D0B0004431B /* L2: CounterTests */,
				395750F118873D0A0004431B /* Frameworks */,
				395750F018873D0A0004431B /* Products */,
			);
			sourceTree = "<group>";
		};
		395750F018873D0A0004431B /* Products */ = {
			isa = PBXGroup;
			children = (
				395750EF18873D0A0004431B /* L2: Counter.app */,
				3957511018873D0B0004431B /* L2: CounterTests.xctest */,
			);
			name = Products;
			sourceTree = "<group>";
		};
		395750F118873D0A0004431B /* Frameworks */ = {
			isa = PBXGroup;
			children = (
				395750F218873D0A0004431B /* Foundation.framework */,
				395750F418873D0A0004431B /* CoreGraphics.framework */,
				395750F618873D0B0004431B /* UIKit.framework */,
				3957511118873D0B0004431B /* XCTest.framework */,
			);
			name = Frameworks;
			sourceTree = "<group>";
		};
		395750F818873D0B0004431B /* L2: Counter */ = {
			isa = PBXGroup;
			children = (
				3957510118873D0B0004431B /* lab2AppDelegate.h */,
				3957510218873D0B0004431B /* lab2AppDelegate.m */,
				3957510418873D0B0004431B /* Main.storyboard */,
				3957510718873D0B0004431B /* lab2ViewController.h */,
				3957510818873D0B0004431B /* lab2ViewController.m */,
				3957510A18873D0B0004431B /* Images.xcassets */,
				395750F918873D0B0004431B /* Supporting Files */,
			);
			path = "L2: Counter";
			sourceTree = "<group>";
		};
		395750F918873D0B0004431B /* Supporting Files */ = {
			isa = PBXGroup;
			children = (
				395750FA18873D0B0004431B /* L2: Counter-Info.plist */,
				395750FB18873D0B0004431B /* InfoPlist.strings */,
				395750FE18873D0B0004431B /* main.m */,
				3957510018873D0B0004431B /* L2: Counter-Prefix.pch */,
			);
			name = "Supporting Files";
			sourceTree = "<group>";
		};
		3957511718873D0B0004431B /* L2: CounterTests */ = {
			isa = PBXGroup;
			children = (
				3957511D18873D0B0004431B /* L2__CounterTests.m */,
				3957511818873D0B0004431B /* Supporting Files */,
			);
			path = "L2: CounterTests";
			sourceTree = "<group>";
		};
		3957511818873D0B0004431B /* Supporting Files */ = {
			isa = PBXGroup;
			children = (
				3957511918873D0B0004431B /* L2: CounterTests-Info.plist */,
				3957511A18873D0B0004431B /* InfoPlist.strings */,
			);
			name = "Supporting Files";
			sourceTree = "<group>";
		};
/* End PBXGroup section */

/* Begin PBXNativeTarget section */
		395750EE18873D0A0004431B /* L2: Counter */ = {
			isa = PBXNativeTarget;
			buildConfigurationList = 3957512118873D0B0004431B /* Build configuration list for PBXNativeTarget "L2: Counter" */;
			buildPhases = (
				395750EB18873D0A0004431B /* Sources */,
				395750EC18873D0A0004431B /* Frameworks */,
				395750ED18873D0A0004431B /* Resources */,
			);
			buildRules = (
			);
			dependencies = (
			);
			name = "L2: Counter";
			productName = "L2: Counter";
			productReference = 395750EF18873D0A0004431B /* L2: Counter.app */;
			productType = "com.apple.product-type.application";
		};
		3957510F18873D0B0004431B /* L2: CounterTests */ = {
			isa = PBXNativeTarget;
			buildConfigurationList = 3957512418873D0B0004431B /* Build configuration list for PBXNativeTarget "L2: CounterTests" */;
			buildPhases = (
				3957510C18873D0B0004431B /* Sources */,
				3957510D18873D0B0004431B /* Frameworks */,
				3957510E18873D0B0004431B /* Resources */,
			);
			buildRules = (
			);
			dependencies = (
				3957511618873D0B0004431B /* PBXTargetDependency */,
			);
			name = "L2: CounterTests";
			productName = "L2: CounterTests";
			productReference = 3957511018873D0B0004431B /* L2: CounterTests.xctest */;
			productType = "com.apple.product-type.bundle.unit-test";
		};
/* End PBXNativeTarget section */

/* Begin PBXProject section */
		395750E718873D0A0004431B /* Project object */ = {
			isa = PBXProject;
			attributes = {
				CLASSPREFIX = lab2;
				LastUpgradeCheck = 0500;
				ORGANIZATIONNAME = m0000892;
				TargetAttributes = {
					3957510F18873D0B0004431B = {
						TestTargetID = 395750EE18873D0A0004431B;
					};
				};
			};
			buildConfigurationList = 395750EA18873D0A0004431B /* Build configuration list for PBXProject "L2: Counter" */;
			compatibilityVersion = "Xcode 3.2";
			developmentRegion = English;
			hasScannedForEncodings = 0;
			knownRegions = (
				en,
				Base,
			);
			mainGroup = 395750E618873D0A0004431B;
			productRefGroup = 395750F018873D0A0004431B /* Products */;
			projectDirPath = "";
			projectRoot = "";
			targets = (
				395750EE18873D0A0004431B /* L2: Counter */,
				3957510F18873D0B0004431B /* L2: CounterTests */,
			);
		};
/* End PBXProject section */

/* Begin PBXResourcesBuildPhase section */
		395750ED18873D0A0004431B /* Resources */ = {
			isa = PBXResourcesBuildPhase;
			buildActionMask = 2147483647;
			files = (
				3957510B18873D0B0004431B /* Images.xcassets in Resources */,
				395750FD18873D0B0004431B /* InfoPlist.strings in Resources */,
				3957510618873D0B0004431B /* Main.storyboard in Resources */,
			);
			runOnlyForDeploymentPostprocessing = 0;
		};
		3957510E18873D0B0004431B /* Resources */ = {
			isa = PBXResourcesBuildPhase;
			buildActionMask = 2147483647;
			files = (
				3957511C18873D0B0004431B /* InfoPlist.strings in Resources */,
			);
			runOnlyForDeploymentPostprocessing = 0;
		};
/* End PBXResourcesBuildPhase section */

/* Begin PBXSourcesBuildPhase section */
		395750EB18873D0A0004431B /* Sources */ = {
			isa = PBXSourcesBuildPhase;
			buildActionMask = 2147483647;
			files = (
				3957510918873D0B0004431B /* lab2ViewController.m in Sources */,
				395750FF18873D0B0004431B /* main.m in Sources */,
				3957510318873D0B0004431B /* lab2AppDelegate.m in Sources */,
			);
			runOnlyForDeploymentPostprocessing = 0;
		};
		3957510C18873D0B0004431B /* Sources */ = {
			isa = PBXSourcesBuildPhase;
			buildActionMask = 2147483647;
			files = (
				3957511E18873D0B0004431B /* L2__CounterTests.m in Sources */,
			);
			runOnlyForDeploymentPostprocessing = 0;
		};
/* End PBXSourcesBuildPhase section */

/* Begin PBXTargetDependency section */
		3957511618873D0B0004431B /* PBXTargetDependency */ = {
			isa = PBXTargetDependency;
			target = 395750EE18873D0A0004431B /* L2: Counter */;
			targetProxy = 3957511518873D0B0004431B /* PBXContainerItemProxy */;
		};
/* End PBXTargetDependency section */

/* Begin PBXVariantGroup section */
		395750FB18873D0B0004431B /* InfoPlist.strings */ = {
			isa = PBXVariantGroup;
			children = (
				395750FC18873D0B0004431B /* en */,
			);
			name = InfoPlist.strings;
			sourceTree = "<group>";
		};
		3957510418873D0B0004431B /* Main.storyboard */ = {
			isa = PBXVariantGroup;
			children = (
				3957510518873D0B0004431B /* Base */,
			);
			name = Main.storyboard;
			sourceTree = "<group>";
		};
		3957511A18873D0B0004431B /* InfoPlist.strings */ = {
			isa = PBXVariantGroup;
			children = (
				3957511B18873D0B0004431B /* en */,
			);
			name = InfoPlist.strings;
			sourceTree = "<group>";
		};
/* End PBXVariantGroup section */

/* Begin XCBuildConfiguration section */
		3957511F18873D0B0004431B /* Debug */ = {
			isa = XCBuildConfiguration;
			buildSettings = {
				ALWAYS_SEARCH_USER_PATHS = NO;
				ARCHS = "$(ARCHS_STANDARD_INCLUDING_64_BIT)";
				CLANG_CXX_LANGUAGE_STANDARD = "gnu++0x";
				CLANG_CXX_LIBRARY = "libc++";
				CLANG_ENABLE_MODULES = YES;
				CLANG_ENABLE_OBJC_ARC = YES;
				CLANG_WARN_BOOL_CONVERSION = YES;
				CLANG_WARN_CONSTANT_CONVERSION = YES;
				CLANG_WARN_DIRECT_OBJC_ISA_USAGE = YES_ERROR;
				CLANG_WARN_EMPTY_BODY = YES;
				CLANG_WARN_ENUM_CONVERSION = YES;
				CLANG_WARN_INT_CONVERSION = YES;
				CLANG_WARN_OBJC_ROOT_CLASS = YES_ERROR;
				CLANG_WARN__DUPLICATE_METHOD_MATCH = YES;
				"CODE_SIGN_IDENTITY[sdk=iphoneos*]" = "iPhone Developer";
				COPY_PHASE_STRIP = NO;
				GCC_C_LANGUAGE_STANDARD = gnu99;
				GCC_DYNAMIC_NO_PIC = NO;
				GCC_OPTIMIZATION_LEVEL = 0;
				GCC_PREPROCESSOR_DEFINITIONS = (
					"DEBUG=1",
					"$(inherited)",
				);
				GCC_SYMBOLS_PRIVATE_EXTERN = NO;
				GCC_WARN_64_TO_32_BIT_CONVERSION = YES;
				GCC_WARN_ABOUT_RETURN_TYPE = YES_ERROR;
				GCC_WARN_UNDECLARED_SELECTOR = YES;
				GCC_WARN_UNINITIALIZED_AUTOS = YES;
				GCC_WARN_UNUSED_FUNCTION = YES;
				GCC_WARN_UNUSED_VARIABLE = YES;
				IPHONEOS_DEPLOYMENT_TARGET = 7.0;
				ONLY_ACTIVE_ARCH = YES;
				SDKROOT = iphoneos;
			};
			name = Debug;
		};
		3957512018873D0B0004431B /* Release */ = {
			isa = XCBuildConfiguration;
			buildSettings = {
				ALWAYS_SEARCH_USER_PATHS = NO;
				ARCHS = "$(ARCHS_STANDARD_INCLUDING_64_BIT)";
				CLANG_CXX_LANGUAGE_STANDARD = "gnu++0x";
				CLANG_CXX_LIBRARY = "libc++";
				CLANG_ENABLE_MODULES = YES;
				CLANG_ENABLE_OBJC_ARC = YES;
				CLANG_WARN_BOOL_CONVERSION = YES;
				CLANG_WARN_CONSTANT_CONVERSION = YES;
				CLANG_WARN_DIRECT_OBJC_ISA_USAGE = YES_ERROR;
				CLANG_WARN_EMPTY_BODY = YES;
				CLANG_WARN_ENUM_CONVERSION = YES;
				CLANG_WARN_INT_CONVERSION = YES;
				CLANG_WARN_OBJC_ROOT_CLASS = YES_ERROR;
				CLANG_WARN__DUPLICATE_METHOD_MATCH = YES;
				"CODE_SIGN_IDENTITY[sdk=iphoneos*]" = "iPhone Developer";
				COPY_PHASE_STRIP = YES;
				ENABLE_NS_ASSERTIONS = NO;
				GCC_C_LANGUAGE_STANDARD = gnu99;
				GCC_WARN_64_TO_32_BIT_CONVERSION = YES;
				GCC_WARN_ABOUT_RETURN_TYPE = YES_ERROR;
				GCC_WARN_UNDECLARED_SELECTOR = YES;
				GCC_WARN_UNINITIALIZED_AUTOS = YES;
				GCC_WARN_UNUSED_FUNCTION = YES;
				GCC_WARN_UNUSED_VARIABLE = YES;
				IPHONEOS_DEPLOYMENT_TARGET = 7.0;
				SDKROOT = iphoneos;
				VALIDATE_PRODUCT = YES;
			};
			name = Release;
		};
		3957512218873D0B0004431B /* Debug */ = {
			isa = XCBuildConfiguration;
			buildSettings = {
				ASSETCATALOG_COMPILER_APPICON_NAME = AppIcon;
				ASSETCATALOG_COMPILER_LAUNCHIMAGE_NAME = LaunchImage;
				GCC_PRECOMPILE_PREFIX_HEADER = YES;
				GCC_PREFIX_HEADER = "L2: Counter/L2: Counter-Prefix.pch";
				INFOPLIST_FILE = "L2: Counter/L2: Counter-Info.plist";
				PRODUCT_NAME = "$(TARGET_NAME)";
				WRAPPER_EXTENSION = app;
			};
			name = Debug;
		};
		3957512318873D0B0004431B /* Release */ = {
			isa = XCBuildConfiguration;
			buildSettings = {
				ASSETCATALOG_COMPILER_APPICON_NAME = AppIcon;
				ASSETCATALOG_COMPILER_LAUNCHIMAGE_NAME = LaunchImage;
				GCC_PRECOMPILE_PREFIX_HEADER = YES;
				GCC_PREFIX_HEADER = "L2: Counter/L2: Counter-Prefix.pch";
				INFOPLIST_FILE = "L2: Counter/L2: Counter-Info.plist";
				PRODUCT_NAME = "$(TARGET_NAME)";
				WRAPPER_EXTENSION = app;
			};
			name = Release;
		};
		3957512518873D0B0004431B /* Debug */ = {
			isa = XCBuildConfiguration;
			buildSettings = {
				ARCHS = "$(ARCHS_STANDARD_INCLUDING_64_BIT)";
				BUNDLE_LOADER = "$(BUILT_PRODUCTS_DIR)/L2: Counter.app/L2: Counter";
				FRAMEWORK_SEARCH_PATHS = (
					"$(SDKROOT)/Developer/Library/Frameworks",
					"$(inherited)",
					"$(DEVELOPER_FRAMEWORKS_DIR)",
				);
				GCC_PRECOMPILE_PREFIX_HEADER = YES;
				GCC_PREFIX_HEADER = "L2: Counter/L2: Counter-Prefix.pch";
				GCC_PREPROCESSOR_DEFINITIONS = (
					"DEBUG=1",
					"$(inherited)",
				);
				INFOPLIST_FILE = "L2: CounterTests/L2: CounterTests-Info.plist";
				PRODUCT_NAME = "$(TARGET_NAME)";
				TEST_HOST = "$(BUNDLE_LOADER)";
				WRAPPER_EXTENSION = xctest;
			};
			name = Debug;
		};
		3957512618873D0B0004431B /* Release */ = {
			isa = XCBuildConfiguration;
			buildSettings = {
				ARCHS = "$(ARCHS_STANDARD_INCLUDING_64_BIT)";
				BUNDLE_LOADER = "$(BUILT_PRODUCTS_DIR)/L2: Counter.app/L2: Counter";
				FRAMEWORK_SEARCH_PATHS = (
					"$(SDKROOT)/Developer/Library/Frameworks",
					"$(inherited)",
					"$(DEVELOPER_FRAMEWORKS_DIR)",
				);
				GCC_PRECOMPILE_PREFIX_HEADER = YES;
				GCC_PREFIX_HEADER = "L2: Counter/L2: Counter-Prefix.pch";
				INFOPLIST_FILE = "L2: CounterTests/L2: CounterTests-Info.plist";
				PRODUCT_NAME = "$(TARGET_NAME)";
				TEST_HOST = "$(BUNDLE_LOADER)";
				WRAPPER_EXTENSION = xctest;
			};
			name = Release;
		};
/* End XCBuildConfiguration section */

/* Begin XCConfigurationList section */
		395750EA18873D0A0004431B /* Build configuration list for PBXProject "L2: Counter" */ = {
			isa = XCConfigurationList;
			buildConfigurations = (
				3957511F18873D0B0004431B /* Debug */,
				3957512018873D0B0004431B /* Release */,
			);
			defaultConfigurationIsVisible = 0;
			defaultConfigurationName = Release;
		};
		3957512118873D0B0004431B /* Build configuration list for PBXNativeTarget "L2: Counter" */ = {
			isa = XCConfigurationList;
			buildConfigurations = (
				3957512218873D0B0004431B /* Debug */,
				3957512318873D0B0004431B /* Release */,
			);
			defaultConfigurationIsVisible = 0;
		};
		3957512418873D0B0004431B /* Build configuration list for PBXNativeTarget "L2: CounterTests" */ = {
			isa = XCConfigurationList;
			buildConfigurations = (
				3957512518873D0B0004431B /* Debug */,
				3957512618873D0B0004431B /* Release */,
			);
			defaultConfigurationIsVisible = 0;
		};
/* End XCConfigurationList section */
	};
	rootObject = 395750E718873D0A0004431B /* Project object */;
}
