// !$*UTF8*$!
{
	archiveVersion = 1;
	classes = {
	};
	objectVersion = 46;
	objects = {

/* Begin PBXBuildFile section */
		390284B018ACF1B800BA6875 /* BMICalculator.m in Sources */ = {isa = PBXBuildFile; fileRef = 390284AF18ACF1B800BA6875 /* BMICalculator.m */; };
		390284B418AD07BA00BA6875 /* burger.jpeg in Resources */ = {isa = PBXBuildFile; fileRef = 390284B218AD07BA00BA6875 /* burger.jpeg */; };
		390284B518AD07BA00BA6875 /* carrot.jpeg in Resources */ = {isa = PBXBuildFile; fileRef = 390284B318AD07BA00BA6875 /* carrot.jpeg */; };
		393E144518A3B4B700CC7A18 /* Foundation.framework in Frameworks */ = {isa = PBXBuildFile; fileRef = 393E144418A3B4B700CC7A18 /* Foundation.framework */; };
		393E144718A3B4B700CC7A18 /* CoreGraphics.framework in Frameworks */ = {isa = PBXBuildFile; fileRef = 393E144618A3B4B700CC7A18 /* CoreGraphics.framework */; };
		393E144918A3B4B700CC7A18 /* UIKit.framework in Frameworks */ = {isa = PBXBuildFile; fileRef = 393E144818A3B4B700CC7A18 /* UIKit.framework */; };
		393E144F18A3B4B700CC7A18 /* InfoPlist.strings in Resources */ = {isa = PBXBuildFile; fileRef = 393E144D18A3B4B700CC7A18 /* InfoPlist.strings */; };
		393E145118A3B4B700CC7A18 /* main.m in Sources */ = {isa = PBXBuildFile; fileRef = 393E145018A3B4B700CC7A18 /* main.m */; };
		393E145518A3B4B700CC7A18 /* lab9AppDelegate.m in Sources */ = {isa = PBXBuildFile; fileRef = 393E145418A3B4B700CC7A18 /* lab9AppDelegate.m */; };
		393E145818A3B4B700CC7A18 /* Main.storyboard in Resources */ = {isa = PBXBuildFile; fileRef = 393E145618A3B4B700CC7A18 /* Main.storyboard */; };
		393E145B18A3B4B700CC7A18 /* lab9ViewController.m in Sources */ = {isa = PBXBuildFile; fileRef = 393E145A18A3B4B700CC7A18 /* lab9ViewController.m */; };
		393E145D18A3B4B700CC7A18 /* Images.xcassets in Resources */ = {isa = PBXBuildFile; fileRef = 393E145C18A3B4B700CC7A18 /* Images.xcassets */; };
		393E146418A3B4B800CC7A18 /* XCTest.framework in Frameworks */ = {isa = PBXBuildFile; fileRef = 393E146318A3B4B800CC7A18 /* XCTest.framework */; };
		393E146518A3B4B800CC7A18 /* Foundation.framework in Frameworks */ = {isa = PBXBuildFile; fileRef = 393E144418A3B4B700CC7A18 /* Foundation.framework */; };
		393E146618A3B4B800CC7A18 /* UIKit.framework in Frameworks */ = {isa = PBXBuildFile; fileRef = 393E144818A3B4B700CC7A18 /* UIKit.framework */; };
		393E146E18A3B4B800CC7A18 /* InfoPlist.strings in Resources */ = {isa = PBXBuildFile; fileRef = 393E146C18A3B4B800CC7A18 /* InfoPlist.strings */; };
		393E147018A3B4B800CC7A18 /* L9_BMI_CalculatorTests.m in Sources */ = {isa = PBXBuildFile; fileRef = 393E146F18A3B4B800CC7A18 /* L9_BMI_CalculatorTests.m */; };
		39B717EC18A3BAA700896E56 /* TextOnlyAcceptor.m in Sources */ = {isa = PBXBuildFile; fileRef = 39B717EB18A3BAA700896E56 /* TextOnlyAcceptor.m */; };
		39EFA24C18C4D048000CBCE6 /* Person.m in Sources */ = {isa = PBXBuildFile; fileRef = 39EFA24B18C4D048000CBCE6 /* Person.m */; };
/* End PBXBuildFile section */

/* Begin PBXContainerItemProxy section */
		393E146718A3B4B800CC7A18 /* PBXContainerItemProxy */ = {
			isa = PBXContainerItemProxy;
			containerPortal = 393E143918A3B4B700CC7A18 /* Project object */;
			proxyType = 1;
			remoteGlobalIDString = 393E144018A3B4B700CC7A18;
			remoteInfo = L9_BMI_Calculator;
		};
/* End PBXContainerItemProxy section */

/* Begin PBXFileReference section */
		390284AE18ACF1B800BA6875 /* BMICalculator.h */ = {isa = PBXFileReference; fileEncoding = 4; lastKnownFileType = sourcecode.c.h; path = BMICalculator.h; sourceTree = "<group>"; };
		390284AF18ACF1B800BA6875 /* BMICalculator.m */ = {isa = PBXFileReference; fileEncoding = 4; lastKnownFileType = sourcecode.c.objc; path = BMICalculator.m; sourceTree = "<group>"; };
		390284B118ACFFFD00BA6875 /* BMIChangeDelegate.h */ = {isa = PBXFileReference; lastKnownFileType = sourcecode.c.h; path = BMIChangeDelegate.h; sourceTree = "<group>"; };
		390284B218AD07BA00BA6875 /* burger.jpeg */ = {isa = PBXFileReference; lastKnownFileType = image.jpeg; path = burger.jpeg; sourceTree = "<group>"; };
		390284B318AD07BA00BA6875 /* carrot.jpeg */ = {isa = PBXFileReference; lastKnownFileType = image.jpeg; path = carrot.jpeg; sourceTree = "<group>"; };
		393E144118A3B4B700CC7A18 /* L9_BMI_Calculator.app */ = {isa = PBXFileReference; explicitFileType = wrapper.application; includeInIndex = 0; path = L9_BMI_Calculator.app; sourceTree = BUILT_PRODUCTS_DIR; };
		393E144418A3B4B700CC7A18 /* Foundation.framework */ = {isa = PBXFileReference; lastKnownFileType = wrapper.framework; name = Foundation.framework; path = System/Library/Frameworks/Foundation.framework; sourceTree = SDKROOT; };
		393E144618A3B4B700CC7A18 /* CoreGraphics.framework */ = {isa = PBXFileReference; lastKnownFileType = wrapper.framework; name = CoreGraphics.framework; path = System/Library/Frameworks/CoreGraphics.framework; sourceTree = SDKROOT; };
		393E144818A3B4B700CC7A18 /* UIKit.framework */ = {isa = PBXFileReference; lastKnownFileType = wrapper.framework; name = UIKit.framework; path = System/Library/Frameworks/UIKit.framework; sourceTree = SDKROOT; };
		393E144C18A3B4B700CC7A18 /* L9_BMI_Calculator-Info.plist */ = {isa = PBXFileReference; lastKnownFileType = text.plist.xml; path = "L9_BMI_Calculator-Info.plist"; sourceTree = "<group>"; };
		393E144E18A3B4B700CC7A18 /* en */ = {isa = PBXFileReference; lastKnownFileType = text.plist.strings; name = en; path = en.lproj/InfoPlist.strings; sourceTree = "<group>"; };
		393E145018A3B4B700CC7A18 /* main.m */ = {isa = PBXFileReference; lastKnownFileType = sourcecode.c.objc; path = main.m; sourceTree = "<group>"; };
		393E145218A3B4B700CC7A18 /* L9_BMI_Calculator-Prefix.pch */ = {isa = PBXFileReference; lastKnownFileType = sourcecode.c.h; path = "L9_BMI_Calculator-Prefix.pch"; sourceTree = "<group>"; };
		393E145318A3B4B700CC7A18 /* lab9AppDelegate.h */ = {isa = PBXFileReference; lastKnownFileType = sourcecode.c.h; path = lab9AppDelegate.h; sourceTree = "<group>"; };
		393E145418A3B4B700CC7A18 /* lab9AppDelegate.m */ = {isa = PBXFileReference; lastKnownFileType = sourcecode.c.objc; path = lab9AppDelegate.m; sourceTree = "<group>"; };
		393E145718A3B4B700CC7A18 /* Base */ = {isa = PBXFileReference; lastKnownFileType = file.storyboard; name = Base; path = Base.lproj/Main.storyboard; sourceTree = "<group>"; };
		393E145918A3B4B700CC7A18 /* lab9ViewController.h */ = {isa = PBXFileReference; lastKnownFileType = sourcecode.c.h; path = lab9ViewController.h; sourceTree = "<group>"; };
		393E145A18A3B4B700CC7A18 /* lab9ViewController.m */ = {isa = PBXFileReference; lastKnownFileType = sourcecode.c.objc; path = lab9ViewController.m; sourceTree = "<group>"; };
		393E145C18A3B4B700CC7A18 /* Images.xcassets */ = {isa = PBXFileReference; lastKnownFileType = folder.assetcatalog; path = Images.xcassets; sourceTree = "<group>"; };
		393E146218A3B4B800CC7A18 /* L9_BMI_CalculatorTests.xctest */ = {isa = PBXFileReference; explicitFileType = wrapper.cfbundle; includeInIndex = 0; path = L9_BMI_CalculatorTests.xctest; sourceTree = BUILT_PRODUCTS_DIR; };
		393E146318A3B4B800CC7A18 /* XCTest.framework */ = {isa = PBXFileReference; lastKnownFileType = wrapper.framework; name = XCTest.framework; path = Library/Frameworks/XCTest.framework; sourceTree = DEVELOPER_DIR; };
		393E146B18A3B4B800CC7A18 /* L9_BMI_CalculatorTests-Info.plist */ = {isa = PBXFileReference; lastKnownFileType = text.plist.xml; path = "L9_BMI_CalculatorTests-Info.plist"; sourceTree = "<group>"; };
		393E146D18A3B4B800CC7A18 /* en */ = {isa = PBXFileReference; lastKnownFileType = text.plist.strings; name = en; path = en.lproj/InfoPlist.strings; sourceTree = "<group>"; };
		393E146F18A3B4B800CC7A18 /* L9_BMI_CalculatorTests.m */ = {isa = PBXFileReference; lastKnownFileType = sourcecode.c.objc; path = L9_BMI_CalculatorTests.m; sourceTree = "<group>"; };
		39B717EA18A3BAA700896E56 /* TextOnlyAcceptor.h */ = {isa = PBXFileReference; fileEncoding = 4; lastKnownFileType = sourcecode.c.h; path = TextOnlyAcceptor.h; sourceTree = "<group>"; };
		39B717EB18A3BAA700896E56 /* TextOnlyAcceptor.m */ = {isa = PBXFileReference; fileEncoding = 4; lastKnownFileType = sourcecode.c.objc; path = TextOnlyAcceptor.m; sourceTree = "<group>"; };
		39EFA24A18C4D048000CBCE6 /* Person.h */ = {isa = PBXFileReference; fileEncoding = 4; lastKnownFileType = sourcecode.c.h; path = Person.h; sourceTree = "<group>"; };
		39EFA24B18C4D048000CBCE6 /* Person.m */ = {isa = PBXFileReference; fileEncoding = 4; lastKnownFileType = sourcecode.c.objc; path = Person.m; sourceTree = "<group>"; };
/* End PBXFileReference section */

/* Begin PBXFrameworksBuildPhase section */
		393E143E18A3B4B700CC7A18 /* Frameworks */ = {
			isa = PBXFrameworksBuildPhase;
			buildActionMask = 2147483647;
			files = (
				393E144718A3B4B700CC7A18 /* CoreGraphics.framework in Frameworks */,
				393E144918A3B4B700CC7A18 /* UIKit.framework in Frameworks */,
				393E144518A3B4B700CC7A18 /* Foundation.framework in Frameworks */,
			);
			runOnlyForDeploymentPostprocessing = 0;
		};
		393E145F18A3B4B800CC7A18 /* Frameworks */ = {
			isa = PBXFrameworksBuildPhase;
			buildActionMask = 2147483647;
			files = (
				393E146418A3B4B800CC7A18 /* XCTest.framework in Frameworks */,
				393E146618A3B4B800CC7A18 /* UIKit.framework in Frameworks */,
				393E146518A3B4B800CC7A18 /* Foundation.framework in Frameworks */,
			);
			runOnlyForDeploymentPostprocessing = 0;
		};
/* End PBXFrameworksBuildPhase section */

/* Begin PBXGroup section */
		393E143818A3B4B700CC7A18 = {
			isa = PBXGroup;
			children = (
				393E144A18A3B4B700CC7A18 /* L9_BMI_Calculator */,
				393E146918A3B4B800CC7A18 /* L9_BMI_CalculatorTests */,
				393E144318A3B4B700CC7A18 /* Frameworks */,
				393E144218A3B4B700CC7A18 /* Products */,
			);
			sourceTree = "<group>";
		};
		393E144218A3B4B700CC7A18 /* Products */ = {
			isa = PBXGroup;
			children = (
				393E144118A3B4B700CC7A18 /* L9_BMI_Calculator.app */,
				393E146218A3B4B800CC7A18 /* L9_BMI_CalculatorTests.xctest */,
			);
			name = Products;
			sourceTree = "<group>";
		};
		393E144318A3B4B700CC7A18 /* Frameworks */ = {
			isa = PBXGroup;
			children = (
				393E144418A3B4B700CC7A18 /* Foundation.framework */,
				393E144618A3B4B700CC7A18 /* CoreGraphics.framework */,
				393E144818A3B4B700CC7A18 /* UIKit.framework */,
				393E146318A3B4B800CC7A18 /* XCTest.framework */,
			);
			name = Frameworks;
			sourceTree = "<group>";
		};
		393E144A18A3B4B700CC7A18 /* L9_BMI_Calculator */ = {
			isa = PBXGroup;
			children = (
				390284B218AD07BA00BA6875 /* burger.jpeg */,
				390284B318AD07BA00BA6875 /* carrot.jpeg */,
				393E145318A3B4B700CC7A18 /* lab9AppDelegate.h */,
				393E145418A3B4B700CC7A18 /* lab9AppDelegate.m */,
				393E145618A3B4B700CC7A18 /* Main.storyboard */,
				393E145918A3B4B700CC7A18 /* lab9ViewController.h */,
				393E145A18A3B4B700CC7A18 /* lab9ViewController.m */,
				393E145C18A3B4B700CC7A18 /* Images.xcassets */,
				393E144B18A3B4B700CC7A18 /* Supporting Files */,
				39B717EA18A3BAA700896E56 /* TextOnlyAcceptor.h */,
				39B717EB18A3BAA700896E56 /* TextOnlyAcceptor.m */,
				390284AE18ACF1B800BA6875 /* BMICalculator.h */,
				390284AF18ACF1B800BA6875 /* BMICalculator.m */,
				390284B118ACFFFD00BA6875 /* BMIChangeDelegate.h */,
				39EFA24A18C4D048000CBCE6 /* Person.h */,
				39EFA24B18C4D048000CBCE6 /* Person.m */,
			);
			path = L9_BMI_Calculator;
			sourceTree = "<group>";
		};
		393E144B18A3B4B700CC7A18 /* Supporting Files */ = {
			isa = PBXGroup;
			children = (
				393E144C18A3B4B700CC7A18 /* L9_BMI_Calculator-Info.plist */,
				393E144D18A3B4B700CC7A18 /* InfoPlist.strings */,
				393E145018A3B4B700CC7A18 /* main.m */,
				393E145218A3B4B700CC7A18 /* L9_BMI_Calculator-Prefix.pch */,
			);
			name = "Supporting Files";
			sourceTree = "<group>";
		};
		393E146918A3B4B800CC7A18 /* L9_BMI_CalculatorTests */ = {
			isa = PBXGroup;
			children = (
				393E146F18A3B4B800CC7A18 /* L9_BMI_CalculatorTests.m */,
				393E146A18A3B4B800CC7A18 /* Supporting Files */,
			);
			path = L9_BMI_CalculatorTests;
			sourceTree = "<group>";
		};
		393E146A18A3B4B800CC7A18 /* Supporting Files */ = {
			isa = PBXGroup;
			children = (
				393E146B18A3B4B800CC7A18 /* L9_BMI_CalculatorTests-Info.plist */,
				393E146C18A3B4B800CC7A18 /* InfoPlist.strings */,
			);
			name = "Supporting Files";
			sourceTree = "<group>";
		};
/* End PBXGroup section */

/* Begin PBXNativeTarget section */
		393E144018A3B4B700CC7A18 /* L9_BMI_Calculator */ = {
			isa = PBXNativeTarget;
			buildConfigurationList = 393E147318A3B4B800CC7A18 /* Build configuration list for PBXNativeTarget "L9_BMI_Calculator" */;
			buildPhases = (
				393E143D18A3B4B700CC7A18 /* Sources */,
				393E143E18A3B4B700CC7A18 /* Frameworks */,
				393E143F18A3B4B700CC7A18 /* Resources */,
			);
			buildRules = (
			);
			dependencies = (
			);
			name = L9_BMI_Calculator;
			productName = L9_BMI_Calculator;
			productReference = 393E144118A3B4B700CC7A18 /* L9_BMI_Calculator.app */;
			productType = "com.apple.product-type.application";
		};
		393E146118A3B4B800CC7A18 /* L9_BMI_CalculatorTests */ = {
			isa = PBXNativeTarget;
			buildConfigurationList = 393E147618A3B4B800CC7A18 /* Build configuration list for PBXNativeTarget "L9_BMI_CalculatorTests" */;
			buildPhases = (
				393E145E18A3B4B800CC7A18 /* Sources */,
				393E145F18A3B4B800CC7A18 /* Frameworks */,
				393E146018A3B4B800CC7A18 /* Resources */,
			);
			buildRules = (
			);
			dependencies = (
				393E146818A3B4B800CC7A18 /* PBXTargetDependency */,
			);
			name = L9_BMI_CalculatorTests;
			productName = L9_BMI_CalculatorTests;
			productReference = 393E146218A3B4B800CC7A18 /* L9_BMI_CalculatorTests.xctest */;
			productType = "com.apple.product-type.bundle.unit-test";
		};
/* End PBXNativeTarget section */

/* Begin PBXProject section */
		393E143918A3B4B700CC7A18 /* Project object */ = {
			isa = PBXProject;
			attributes = {
				CLASSPREFIX = lab9;
				LastUpgradeCheck = 0500;
				ORGANIZATIONNAME = m0000892;
				TargetAttributes = {
					393E146118A3B4B800CC7A18 = {
						TestTargetID = 393E144018A3B4B700CC7A18;
					};
				};
			};
			buildConfigurationList = 393E143C18A3B4B700CC7A18 /* Build configuration list for PBXProject "L9_BMI_Calculator" */;
			compatibilityVersion = "Xcode 3.2";
			developmentRegion = English;
			hasScannedForEncodings = 0;
			knownRegions = (
				en,
				Base,
			);
			mainGroup = 393E143818A3B4B700CC7A18;
			productRefGroup = 393E144218A3B4B700CC7A18 /* Products */;
			projectDirPath = "";
			projectRoot = "";
			targets = (
				393E144018A3B4B700CC7A18 /* L9_BMI_Calculator */,
				393E146118A3B4B800CC7A18 /* L9_BMI_CalculatorTests */,
			);
		};
/* End PBXProject section */

/* Begin PBXResourcesBuildPhase section */
		393E143F18A3B4B700CC7A18 /* Resources */ = {
			isa = PBXResourcesBuildPhase;
			buildActionMask = 2147483647;
			files = (
				393E145D18A3B4B700CC7A18 /* Images.xcassets in Resources */,
				393E144F18A3B4B700CC7A18 /* InfoPlist.strings in Resources */,
				390284B418AD07BA00BA6875 /* burger.jpeg in Resources */,
				390284B518AD07BA00BA6875 /* carrot.jpeg in Resources */,
				393E145818A3B4B700CC7A18 /* Main.storyboard in Resources */,
			);
			runOnlyForDeploymentPostprocessing = 0;
		};
		393E146018A3B4B800CC7A18 /* Resources */ = {
			isa = PBXResourcesBuildPhase;
			buildActionMask = 2147483647;
			files = (
				393E146E18A3B4B800CC7A18 /* InfoPlist.strings in Resources */,
			);
			runOnlyForDeploymentPostprocessing = 0;
		};
/* End PBXResourcesBuildPhase section */

/* Begin PBXSourcesBuildPhase section */
		393E143D18A3B4B700CC7A18 /* Sources */ = {
			isa = PBXSourcesBuildPhase;
			buildActionMask = 2147483647;
			files = (
				39EFA24C18C4D048000CBCE6 /* Person.m in Sources */,
				393E145518A3B4B700CC7A18 /* lab9AppDelegate.m in Sources */,
				393E145B18A3B4B700CC7A18 /* lab9ViewController.m in Sources */,
				39B717EC18A3BAA700896E56 /* TextOnlyAcceptor.m in Sources */,
				393E145118A3B4B700CC7A18 /* main.m in Sources */,
				390284B018ACF1B800BA6875 /* BMICalculator.m in Sources */,
			);
			runOnlyForDeploymentPostprocessing = 0;
		};
		393E145E18A3B4B800CC7A18 /* Sources */ = {
			isa = PBXSourcesBuildPhase;
			buildActionMask = 2147483647;
			files = (
				393E147018A3B4B800CC7A18 /* L9_BMI_CalculatorTests.m in Sources */,
			);
			runOnlyForDeploymentPostprocessing = 0;
		};
/* End PBXSourcesBuildPhase section */

/* Begin PBXTargetDependency section */
		393E146818A3B4B800CC7A18 /* PBXTargetDependency */ = {
			isa = PBXTargetDependency;
			target = 393E144018A3B4B700CC7A18 /* L9_BMI_Calculator */;
			targetProxy = 393E146718A3B4B800CC7A18 /* PBXContainerItemProxy */;
		};
/* End PBXTargetDependency section */

/* Begin PBXVariantGroup section */
		393E144D18A3B4B700CC7A18 /* InfoPlist.strings */ = {
			isa = PBXVariantGroup;
			children = (
				393E144E18A3B4B700CC7A18 /* en */,
			);
			name = InfoPlist.strings;
			sourceTree = "<group>";
		};
		393E145618A3B4B700CC7A18 /* Main.storyboard */ = {
			isa = PBXVariantGroup;
			children = (
				393E145718A3B4B700CC7A18 /* Base */,
			);
			name = Main.storyboard;
			sourceTree = "<group>";
		};
		393E146C18A3B4B800CC7A18 /* InfoPlist.strings */ = {
			isa = PBXVariantGroup;
			children = (
				393E146D18A3B4B800CC7A18 /* en */,
			);
			name = InfoPlist.strings;
			sourceTree = "<group>";
		};
/* End PBXVariantGroup section */

/* Begin XCBuildConfiguration section */
		393E147118A3B4B800CC7A18 /* Debug */ = {
			isa = XCBuildConfiguration;
			buildSettings = {
				ALWAYS_SEARCH_USER_PATHS = NO;
				ARCHS = "$(ARCHS_STANDARD_INCLUDING_64_BIT)";
				CLANG_CXX_LANGUAGE_STANDARD = "gnu++0x";
				CLANG_CXX_LIBRARY = "libc++";
				CLANG_ENABLE_MODULES = YES;
				CLANG_ENABLE_OBJC_ARC = YES;
				CLANG_WARN_BOOL_CONVERSION = YES;
				CLANG_WARN_CONSTANT_CONVERSION = YES;
				CLANG_WARN_DIRECT_OBJC_ISA_USAGE = YES_ERROR;
				CLANG_WARN_EMPTY_BODY = YES;
				CLANG_WARN_ENUM_CONVERSION = YES;
				CLANG_WARN_INT_CONVERSION = YES;
				CLANG_WARN_OBJC_ROOT_CLASS = YES_ERROR;
				CLANG_WARN__DUPLICATE_METHOD_MATCH = YES;
				"CODE_SIGN_IDENTITY[sdk=iphoneos*]" = "iPhone Developer";
				COPY_PHASE_STRIP = NO;
				GCC_C_LANGUAGE_STANDARD = gnu99;
				GCC_DYNAMIC_NO_PIC = NO;
				GCC_OPTIMIZATION_LEVEL = 0;
				GCC_PREPROCESSOR_DEFINITIONS = (
					"DEBUG=1",
					"$(inherited)",
				);
				GCC_SYMBOLS_PRIVATE_EXTERN = NO;
				GCC_WARN_64_TO_32_BIT_CONVERSION = YES;
				GCC_WARN_ABOUT_RETURN_TYPE = YES_ERROR;
				GCC_WARN_UNDECLARED_SELECTOR = YES;
				GCC_WARN_UNINITIALIZED_AUTOS = YES;
				GCC_WARN_UNUSED_FUNCTION = YES;
				GCC_WARN_UNUSED_VARIABLE = YES;
				IPHONEOS_DEPLOYMENT_TARGET = 7.0;
				ONLY_ACTIVE_ARCH = YES;
				SDKROOT = iphoneos;
			};
			name = Debug;
		};
		393E147218A3B4B800CC7A18 /* Release */ = {
			isa = XCBuildConfiguration;
			buildSettings = {
				ALWAYS_SEARCH_USER_PATHS = NO;
				ARCHS = "$(ARCHS_STANDARD_INCLUDING_64_BIT)";
				CLANG_CXX_LANGUAGE_STANDARD = "gnu++0x";
				CLANG_CXX_LIBRARY = "libc++";
				CLANG_ENABLE_MODULES = YES;
				CLANG_ENABLE_OBJC_ARC = YES;
				CLANG_WARN_BOOL_CONVERSION = YES;
				CLANG_WARN_CONSTANT_CONVERSION = YES;
				CLANG_WARN_DIRECT_OBJC_ISA_USAGE = YES_ERROR;
				CLANG_WARN_EMPTY_BODY = YES;
				CLANG_WARN_ENUM_CONVERSION = YES;
				CLANG_WARN_INT_CONVERSION = YES;
				CLANG_WARN_OBJC_ROOT_CLASS = YES_ERROR;
				CLANG_WARN__DUPLICATE_METHOD_MATCH = YES;
				"CODE_SIGN_IDENTITY[sdk=iphoneos*]" = "iPhone Developer";
				COPY_PHASE_STRIP = YES;
				ENABLE_NS_ASSERTIONS = NO;
				GCC_C_LANGUAGE_STANDARD = gnu99;
				GCC_WARN_64_TO_32_BIT_CONVERSION = YES;
				GCC_WARN_ABOUT_RETURN_TYPE = YES_ERROR;
				GCC_WARN_UNDECLARED_SELECTOR = YES;
				GCC_WARN_UNINITIALIZED_AUTOS = YES;
				GCC_WARN_UNUSED_FUNCTION = YES;
				GCC_WARN_UNUSED_VARIABLE = YES;
				IPHONEOS_DEPLOYMENT_TARGET = 7.0;
				SDKROOT = iphoneos;
				VALIDATE_PRODUCT = YES;
			};
			name = Release;
		};
		393E147418A3B4B800CC7A18 /* Debug */ = {
			isa = XCBuildConfiguration;
			buildSettings = {
				ASSETCATALOG_COMPILER_APPICON_NAME = AppIcon;
				ASSETCATALOG_COMPILER_LAUNCHIMAGE_NAME = LaunchImage;
				GCC_PRECOMPILE_PREFIX_HEADER = YES;
				GCC_PREFIX_HEADER = "L9_BMI_Calculator/L9_BMI_Calculator-Prefix.pch";
				INFOPLIST_FILE = "L9_BMI_Calculator/L9_BMI_Calculator-Info.plist";
				PRODUCT_NAME = "$(TARGET_NAME)";
				WRAPPER_EXTENSION = app;
			};
			name = Debug;
		};
		393E147518A3B4B800CC7A18 /* Release */ = {
			isa = XCBuildConfiguration;
			buildSettings = {
				ASSETCATALOG_COMPILER_APPICON_NAME = AppIcon;
				ASSETCATALOG_COMPILER_LAUNCHIMAGE_NAME = LaunchImage;
				GCC_PRECOMPILE_PREFIX_HEADER = YES;
				GCC_PREFIX_HEADER = "L9_BMI_Calculator/L9_BMI_Calculator-Prefix.pch";
				INFOPLIST_FILE = "L9_BMI_Calculator/L9_BMI_Calculator-Info.plist";
				PRODUCT_NAME = "$(TARGET_NAME)";
				WRAPPER_EXTENSION = app;
			};
			name = Release;
		};
		393E147718A3B4B800CC7A18 /* Debug */ = {
			isa = XCBuildConfiguration;
			buildSettings = {
				ARCHS = "$(ARCHS_STANDARD_INCLUDING_64_BIT)";
				BUNDLE_LOADER = "$(BUILT_PRODUCTS_DIR)/L9_BMI_Calculator.app/L9_BMI_Calculator";
				FRAMEWORK_SEARCH_PATHS = (
					"$(SDKROOT)/Developer/Library/Frameworks",
					"$(inherited)",
					"$(DEVELOPER_FRAMEWORKS_DIR)",
				);
				GCC_PRECOMPILE_PREFIX_HEADER = YES;
				GCC_PREFIX_HEADER = "L9_BMI_Calculator/L9_BMI_Calculator-Prefix.pch";
				GCC_PREPROCESSOR_DEFINITIONS = (
					"DEBUG=1",
					"$(inherited)",
				);
				INFOPLIST_FILE = "L9_BMI_CalculatorTests/L9_BMI_CalculatorTests-Info.plist";
				PRODUCT_NAME = "$(TARGET_NAME)";
				TEST_HOST = "$(BUNDLE_LOADER)";
				WRAPPER_EXTENSION = xctest;
			};
			name = Debug;
		};
		393E147818A3B4B800CC7A18 /* Release */ = {
			isa = XCBuildConfiguration;
			buildSettings = {
				ARCHS = "$(ARCHS_STANDARD_INCLUDING_64_BIT)";
				BUNDLE_LOADER = "$(BUILT_PRODUCTS_DIR)/L9_BMI_Calculator.app/L9_BMI_Calculator";
				FRAMEWORK_SEARCH_PATHS = (
					"$(SDKROOT)/Developer/Library/Frameworks",
					"$(inherited)",
					"$(DEVELOPER_FRAMEWORKS_DIR)",
				);
				GCC_PRECOMPILE_PREFIX_HEADER = YES;
				GCC_PREFIX_HEADER = "L9_BMI_Calculator/L9_BMI_Calculator-Prefix.pch";
				INFOPLIST_FILE = "L9_BMI_CalculatorTests/L9_BMI_CalculatorTests-Info.plist";
				PRODUCT_NAME = "$(TARGET_NAME)";
				TEST_HOST = "$(BUNDLE_LOADER)";
				WRAPPER_EXTENSION = xctest;
			};
			name = Release;
		};
/* End XCBuildConfiguration section */

/* Begin XCConfigurationList section */
		393E143C18A3B4B700CC7A18 /* Build configuration list for PBXProject "L9_BMI_Calculator" */ = {
			isa = XCConfigurationList;
			buildConfigurations = (
				393E147118A3B4B800CC7A18 /* Debug */,
				393E147218A3B4B800CC7A18 /* Release */,
			);
			defaultConfigurationIsVisible = 0;
			defaultConfigurationName = Release;
		};
		393E147318A3B4B800CC7A18 /* Build configuration list for PBXNativeTarget "L9_BMI_Calculator" */ = {
			isa = XCConfigurationList;
			buildConfigurations = (
				393E147418A3B4B800CC7A18 /* Debug */,
				393E147518A3B4B800CC7A18 /* Release */,
			);
			defaultConfigurationIsVisible = 0;
			defaultConfigurationName = Release;
		};
		393E147618A3B4B800CC7A18 /* Build configuration list for PBXNativeTarget "L9_BMI_CalculatorTests" */ = {
			isa = XCConfigurationList;
			buildConfigurations = (
				393E147718A3B4B800CC7A18 /* Debug */,
				393E147818A3B4B800CC7A18 /* Release */,
			);
			defaultConfigurationIsVisible = 0;
			defaultConfigurationName = Release;
		};
/* End XCConfigurationList section */
	};
	rootObject = 393E143918A3B4B700CC7A18 /* Project object */;
}
